{
  "name": "Muses",
  "lockfileVersion": 2,
  "requires": true,
  "packages": {
    "": {
      "dependencies": {
        "tone": "^14.7.77"
      }
    },
    "node_modules/@babel/runtime": {
      "version": "7.22.5",
      "resolved": "https://registry.npmjs.org/@babel/runtime/-/runtime-7.22.5.tgz",
      "integrity": "sha512-ecjvYlnAaZ/KVneE/OdKYBYfgXV3Ptu6zQWmgEF7vwKhQnvVS6bjMD2XYgj+SNvQ1GfK/pjgokfPkC/2CO8CuA==",
      "dependencies": {
        "regenerator-runtime": "^0.13.11"
      },
      "engines": {
        "node": ">=6.9.0"
      }
    },
    "node_modules/automation-events": {
      "version": "6.0.5",
      "resolved": "https://registry.npmjs.org/automation-events/-/automation-events-6.0.5.tgz",
      "integrity": "sha512-HILDp8DRruDqM29WDbpFof+mXMSDdnOlPA07eyVfzHnXrGPbAf5ZLemelbRCrW40BzK8ihIRbZEgVj4+GiM/+A==",
      "dependencies": {
        "@babel/runtime": "^7.22.5",
        "tslib": "^2.5.3"
      },
      "engines": {
        "node": ">=16.1.0"
      }
    },
    "node_modules/regenerator-runtime": {
      "version": "0.13.11",
      "resolved": "https://registry.npmjs.org/regenerator-runtime/-/regenerator-runtime-0.13.11.tgz",
      "integrity": "sha512-kY1AZVr2Ra+t+piVaJ4gxaFaReZVH40AKNo7UCX6W+dEwBo/2oZJzqfuN1qLq1oL45o56cPaTXELwrTh8Fpggg=="
    },
    "node_modules/standardized-audio-context": {
      "version": "25.3.52",
      "resolved": "https://registry.npmjs.org/standardized-audio-context/-/standardized-audio-context-25.3.52.tgz",
      "integrity": "sha512-rVWhfpVwsgmWgx+rb+K8st+nTPiceKCe+/J6RYzFIGsvbAWIM9k0IRMpQXFv7Pysvze9WRFIrnhtwMmfJhw0Xg==",
      "dependencies": {
        "@babel/runtime": "^7.22.5",
        "automation-events": "^6.0.5",
        "tslib": "^2.5.3"
      }
    },
    "node_modules/tone": {
      "version": "14.7.77",
      "resolved": "https://registry.npmjs.org/tone/-/tone-14.7.77.tgz",
      "integrity": "sha512-tCfK73IkLHyzoKUvGq47gyDyxiKLFvKiVCOobynGgBB9Dl0NkxTM2p+eRJXyCYrjJwy9Y0XCMqD3uOYsYt2Fdg==",
      "dependencies": {
        "standardized-audio-context": "^25.1.8",
        "tslib": "^2.0.1"
      }
    },
    "node_modules/tslib": {
      "version": "2.5.3",
      "resolved": "https://registry.npmjs.org/tslib/-/tslib-2.5.3.tgz",
      "integrity": "sha512-mSxlJJwl3BMEQCUNnxXBU9jP4JBktcEGhURcPR6VQVlnP0FdDEsIaz0C35dXNGLyRfrATNofF0F5p2KPxQgB+w=="
    }
  },
  "dependencies": {
    "@babel/runtime": {
      "version": "7.22.5",
      "resolved": "https://registry.npmjs.org/@babel/runtime/-/runtime-7.22.5.tgz",
      "integrity": "sha512-ecjvYlnAaZ/KVneE/OdKYBYfgXV3Ptu6zQWmgEF7vwKhQnvVS6bjMD2XYgj+SNvQ1GfK/pjgokfPkC/2CO8CuA==",
      "requires": {
        "regenerator-runtime": "^0.13.11"
      }
    },
    "automation-events": {
      "version": "6.0.5",
      "resolved": "https://registry.npmjs.org/automation-events/-/automation-events-6.0.5.tgz",
      "integrity": "sha512-HILDp8DRruDqM29WDbpFof+mXMSDdnOlPA07eyVfzHnXrGPbAf5ZLemelbRCrW40BzK8ihIRbZEgVj4+GiM/+A==",
      "requires": {
        "@babel/runtime": "^7.22.5",
        "tslib": "^2.5.3"
      }
    },
    "regenerator-runtime": {
      "version": "0.13.11",
      "resolved": "https://registry.npmjs.org/regenerator-runtime/-/regenerator-runtime-0.13.11.tgz",
      "integrity": "sha512-kY1AZVr2Ra+t+piVaJ4gxaFaReZVH40AKNo7UCX6W+dEwBo/2oZJzqfuN1qLq1oL45o56cPaTXELwrTh8Fpggg=="
    },
    "standardized-audio-context": {
      "version": "25.3.52",
      "resolved": "https://registry.npmjs.org/standardized-audio-context/-/standardized-audio-context-25.3.52.tgz",
      "integrity": "sha512-rVWhfpVwsgmWgx+rb+K8st+nTPiceKCe+/J6RYzFIGsvbAWIM9k0IRMpQXFv7Pysvze9WRFIrnhtwMmfJhw0Xg==",
      "requires": {
        "@babel/runtime": "^7.22.5",
        "automation-events": "^6.0.5",
        "tslib": "^2.5.3"
      }
    },
    "tone": {
      "version": "14.7.77",
      "resolved": "https://registry.npmjs.org/tone/-/tone-14.7.77.tgz",
      "integrity": "sha512-tCfK73IkLHyzoKUvGq47gyDyxiKLFvKiVCOobynGgBB9Dl0NkxTM2p+eRJXyCYrjJwy9Y0XCMqD3uOYsYt2Fdg==",
      "requires": {
        "standardized-audio-context": "^25.1.8",
        "tslib": "^2.0.1"
      }
    },
    "tslib": {
      "version": "2.5.3",
      "resolved": "https://registry.npmjs.org/tslib/-/tslib-2.5.3.tgz",
      "integrity": "sha512-mSxlJJwl3BMEQCUNnxXBU9jP4JBktcEGhURcPR6VQVlnP0FdDEsIaz0C35dXNGLyRfrATNofF0F5p2KPxQgB+w=="
    }
  }
}
